// !$*UTF8*$!
{
	archiveVersion = 1;
	classes = {
	};
	objectVersion = 46;
	objects = {

/* Begin PBXBuildFile section */
		02F656EB95729CA828EED01D /* Pods_LucasBot.framework in Frameworks */ = {isa = PBXBuildFile; fileRef = B50B966E5C875AC22C8929AB /* Pods_LucasBot.framework */; };
		AC036AEE1E43874100D19A2B /* SanFranciscoDisplay-Regular.otf in Resources */ = {isa = PBXBuildFile; fileRef = AC036AEB1E43874100D19A2B /* SanFranciscoDisplay-Regular.otf */; };
		AC036AF01E43955C00D19A2B /* wave-chat.gif in Resources */ = {isa = PBXBuildFile; fileRef = AC036AEF1E43955C00D19A2B /* wave-chat.gif */; };
		AC036AF21E43983C00D19A2B /* SanFranciscoDisplay-Medium.otf in Resources */ = {isa = PBXBuildFile; fileRef = AC036AF11E43983C00D19A2B /* SanFranciscoDisplay-Medium.otf */; };
		AC036AF41E4421D500D19A2B /* TypingView.swift in Sources */ = {isa = PBXBuildFile; fileRef = AC036AF31E4421D500D19A2B /* TypingView.swift */; };
		AC1267F31E22EE2D00F3344B /* AppDelegate.swift in Sources */ = {isa = PBXBuildFile; fileRef = AC1267F21E22EE2D00F3344B /* AppDelegate.swift */; };
		AC1267F51E22EE2D00F3344B /* ViewController.swift in Sources */ = {isa = PBXBuildFile; fileRef = AC1267F41E22EE2D00F3344B /* ViewController.swift */; };
		AC1267FB1E22EE2E00F3344B /* LucasBot.xcdatamodeld in Sources */ = {isa = PBXBuildFile; fileRef = AC1267F91E22EE2E00F3344B /* LucasBot.xcdatamodeld */; };
		AC1267FD1E22EE2E00F3344B /* Assets.xcassets in Resources */ = {isa = PBXBuildFile; fileRef = AC1267FC1E22EE2E00F3344B /* Assets.xcassets */; };
		AC1268001E22EE2E00F3344B /* LaunchScreen.storyboard in Resources */ = {isa = PBXBuildFile; fileRef = AC1267FE1E22EE2E00F3344B /* LaunchScreen.storyboard */; };
		AC12680B1E22FED200F3344B /* NetworkMgr.swift in Sources */ = {isa = PBXBuildFile; fileRef = AC12680A1E22FED200F3344B /* NetworkMgr.swift */; };
		AC12680D1E2326B000F3344B /* ChatView.swift in Sources */ = {isa = PBXBuildFile; fileRef = AC12680C1E2326B000F3344B /* ChatView.swift */; };
		AC1268101E232FA400F3344B /* DataMgr.swift in Sources */ = {isa = PBXBuildFile; fileRef = AC12680F1E232FA400F3344B /* DataMgr.swift */; };
		AC1268121E23338F00F3344B /* ChatCell.swift in Sources */ = {isa = PBXBuildFile; fileRef = AC1268111E23338F00F3344B /* ChatCell.swift */; };
		AC48C7E41E490ACE00735FD4 /* Loading.swift in Sources */ = {isa = PBXBuildFile; fileRef = AC48C7E31E490ACE00735FD4 /* Loading.swift */; };
		AC48C7E61E49315E00735FD4 /* Alert.swift in Sources */ = {isa = PBXBuildFile; fileRef = AC48C7E51E49315E00735FD4 /* Alert.swift */; };
		AC5C221E1E4257580009A8E2 /* LoginInput.swift in Sources */ = {isa = PBXBuildFile; fileRef = AC5C221D1E4257580009A8E2 /* LoginInput.swift */; };
		AC5C22201E425AEB0009A8E2 /* LoginTextField.swift in Sources */ = {isa = PBXBuildFile; fileRef = AC5C221F1E425AEB0009A8E2 /* LoginTextField.swift */; };
		AC646A481E400CC700024F40 /* ChatTextView.swift in Sources */ = {isa = PBXBuildFile; fileRef = AC646A471E400CC700024F40 /* ChatTextView.swift */; };
		AC646A4A1E40182C00024F40 /* Avatar.swift in Sources */ = {isa = PBXBuildFile; fileRef = AC646A491E40182C00024F40 /* Avatar.swift */; };
		AC78D1A51E4BE7230076D211 /* SplashVC.swift in Sources */ = {isa = PBXBuildFile; fileRef = AC78D1A41E4BE7230076D211 /* SplashVC.swift */; };
		AC78D1A71E4BE72F0076D211 /* SplashView.swift in Sources */ = {isa = PBXBuildFile; fileRef = AC78D1A61E4BE72F0076D211 /* SplashView.swift */; };
		ACE0ED9F1E2400B700581D4F /* BotMgr.swift in Sources */ = {isa = PBXBuildFile; fileRef = ACE0ED9E1E2400B700581D4F /* BotMgr.swift */; };
		ACE0EDA21E241CB100581D4F /* Utils.swift in Sources */ = {isa = PBXBuildFile; fileRef = ACE0EDA11E241CB100581D4F /* Utils.swift */; };
		ACE0EDA41E24400C00581D4F /* ChatInput.swift in Sources */ = {isa = PBXBuildFile; fileRef = ACE0EDA31E24400C00581D4F /* ChatInput.swift */; };
		ACE0EDA61E2485FA00581D4F /* ChatTextField.swift in Sources */ = {isa = PBXBuildFile; fileRef = ACE0EDA51E2485FA00581D4F /* ChatTextField.swift */; };
		ACFB9A4A1E2D975900A164A1 /* LoginVC.swift in Sources */ = {isa = PBXBuildFile; fileRef = ACFB9A491E2D975900A164A1 /* LoginVC.swift */; };
		ACFB9A4C1E2D976000A164A1 /* LoginView.swift in Sources */ = {isa = PBXBuildFile; fileRef = ACFB9A4B1E2D976000A164A1 /* LoginView.swift */; };
		ACFB9A5A1E2DC1C900A164A1 /* NavController.swift in Sources */ = {isa = PBXBuildFile; fileRef = ACFB9A591E2DC1C900A164A1 /* NavController.swift */; };
		ACFB9A5C1E2DC30800A164A1 /* BotViewController.swift in Sources */ = {isa = PBXBuildFile; fileRef = ACFB9A5B1E2DC30800A164A1 /* BotViewController.swift */; };
		ACFB9A5E1E2DD38D00A164A1 /* RedTextField.swift in Sources */ = {isa = PBXBuildFile; fileRef = ACFB9A5D1E2DD38D00A164A1 /* RedTextField.swift */; };
/* End PBXBuildFile section */

/* Begin PBXFileReference section */
		26C5C08354695B600C484205 /* Pods-LucasBot.debug.xcconfig */ = {isa = PBXFileReference; includeInIndex = 1; lastKnownFileType = text.xcconfig; name = "Pods-LucasBot.debug.xcconfig"; path = "Pods/Target Support Files/Pods-LucasBot/Pods-LucasBot.debug.xcconfig"; sourceTree = "<group>"; };
		8ECE106FD0019094AB64ABF3 /* Pods-LucasBot.release.xcconfig */ = {isa = PBXFileReference; includeInIndex = 1; lastKnownFileType = text.xcconfig; name = "Pods-LucasBot.release.xcconfig"; path = "Pods/Target Support Files/Pods-LucasBot/Pods-LucasBot.release.xcconfig"; sourceTree = "<group>"; };
		AC036AEB1E43874100D19A2B /* SanFranciscoDisplay-Regular.otf */ = {isa = PBXFileReference; lastKnownFileType = file; name = "SanFranciscoDisplay-Regular.otf"; path = "Assets/Fonts/SanFranciscoDisplay-Regular.otf"; sourceTree = "<group>"; };
		AC036AEF1E43955C00D19A2B /* wave-chat.gif */ = {isa = PBXFileReference; lastKnownFileType = image.gif; name = "wave-chat.gif"; path = "Assets/wave-chat.gif"; sourceTree = "<group>"; };
		AC036AF11E43983C00D19A2B /* SanFranciscoDisplay-Medium.otf */ = {isa = PBXFileReference; lastKnownFileType = file; name = "SanFranciscoDisplay-Medium.otf"; path = "Assets/Fonts/SanFranciscoDisplay-Medium.otf"; sourceTree = "<group>"; };
		AC036AF31E4421D500D19A2B /* TypingView.swift */ = {isa = PBXFileReference; fileEncoding = 4; lastKnownFileType = sourcecode.swift; path = TypingView.swift; sourceTree = "<group>"; };
		AC1267EF1E22EE2D00F3344B /* TriviaBot.app */ = {isa = PBXFileReference; explicitFileType = wrapper.application; includeInIndex = 0; path = TriviaBot.app; sourceTree = BUILT_PRODUCTS_DIR; };
		AC1267F21E22EE2D00F3344B /* AppDelegate.swift */ = {isa = PBXFileReference; lastKnownFileType = sourcecode.swift; path = AppDelegate.swift; sourceTree = "<group>"; };
		AC1267F41E22EE2D00F3344B /* ViewController.swift */ = {isa = PBXFileReference; lastKnownFileType = sourcecode.swift; path = ViewController.swift; sourceTree = "<group>"; };
		AC1267FA1E22EE2E00F3344B /* LucasBot.xcdatamodel */ = {isa = PBXFileReference; lastKnownFileType = wrapper.xcdatamodel; path = LucasBot.xcdatamodel; sourceTree = "<group>"; };
		AC1267FC1E22EE2E00F3344B /* Assets.xcassets */ = {isa = PBXFileReference; lastKnownFileType = folder.assetcatalog; path = Assets.xcassets; sourceTree = "<group>"; };
		AC1267FF1E22EE2E00F3344B /* Base */ = {isa = PBXFileReference; lastKnownFileType = file.storyboard; name = Base; path = Base.lproj/LaunchScreen.storyboard; sourceTree = "<group>"; };
		AC1268011E22EE2E00F3344B /* Info.plist */ = {isa = PBXFileReference; lastKnownFileType = text.plist.xml; path = Info.plist; sourceTree = "<group>"; };
		AC12680A1E22FED200F3344B /* NetworkMgr.swift */ = {isa = PBXFileReference; fileEncoding = 4; lastKnownFileType = sourcecode.swift; path = NetworkMgr.swift; sourceTree = "<group>"; };
		AC12680C1E2326B000F3344B /* ChatView.swift */ = {isa = PBXFileReference; fileEncoding = 4; lastKnownFileType = sourcecode.swift; path = ChatView.swift; sourceTree = "<group>"; };
		AC12680F1E232FA400F3344B /* DataMgr.swift */ = {isa = PBXFileReference; fileEncoding = 4; lastKnownFileType = sourcecode.swift; path = DataMgr.swift; sourceTree = "<group>"; };
		AC1268111E23338F00F3344B /* ChatCell.swift */ = {isa = PBXFileReference; fileEncoding = 4; lastKnownFileType = sourcecode.swift; path = ChatCell.swift; sourceTree = "<group>"; };
		AC48C7E31E490ACE00735FD4 /* Loading.swift */ = {isa = PBXFileReference; fileEncoding = 4; lastKnownFileType = sourcecode.swift; path = Loading.swift; sourceTree = "<group>"; };
		AC48C7E51E49315E00735FD4 /* Alert.swift */ = {isa = PBXFileReference; fileEncoding = 4; lastKnownFileType = sourcecode.swift; path = Alert.swift; sourceTree = "<group>"; };
		AC5C221D1E4257580009A8E2 /* LoginInput.swift */ = {isa = PBXFileReference; fileEncoding = 4; lastKnownFileType = sourcecode.swift; path = LoginInput.swift; sourceTree = "<group>"; };
		AC5C221F1E425AEB0009A8E2 /* LoginTextField.swift */ = {isa = PBXFileReference; fileEncoding = 4; lastKnownFileType = sourcecode.swift; path = LoginTextField.swift; sourceTree = "<group>"; };
		AC646A471E400CC700024F40 /* ChatTextView.swift */ = {isa = PBXFileReference; fileEncoding = 4; lastKnownFileType = sourcecode.swift; path = ChatTextView.swift; sourceTree = "<group>"; };
		AC646A491E40182C00024F40 /* Avatar.swift */ = {isa = PBXFileReference; fileEncoding = 4; lastKnownFileType = sourcecode.swift; path = Avatar.swift; sourceTree = "<group>"; };
		AC78D1A41E4BE7230076D211 /* SplashVC.swift */ = {isa = PBXFileReference; fileEncoding = 4; lastKnownFileType = sourcecode.swift; path = SplashVC.swift; sourceTree = "<group>"; };
		AC78D1A61E4BE72F0076D211 /* SplashView.swift */ = {isa = PBXFileReference; fileEncoding = 4; lastKnownFileType = sourcecode.swift; path = SplashView.swift; sourceTree = "<group>"; };
		AC78D1AA1E4BEA420076D211 /* MediaPlayer.framework */ = {isa = PBXFileReference; lastKnownFileType = wrapper.framework; name = MediaPlayer.framework; path = System/Library/Frameworks/MediaPlayer.framework; sourceTree = SDKROOT; };
		AC78D1AC1E4BEC3E0076D211 /* AVFoundation.framework */ = {isa = PBXFileReference; lastKnownFileType = wrapper.framework; name = AVFoundation.framework; path = System/Library/Frameworks/AVFoundation.framework; sourceTree = SDKROOT; };
		AC78D1AE1E4BEC690076D211 /* AVKit.framework */ = {isa = PBXFileReference; lastKnownFileType = wrapper.framework; name = AVKit.framework; path = System/Library/Frameworks/AVKit.framework; sourceTree = SDKROOT; };
		ACE0ED9E1E2400B700581D4F /* BotMgr.swift */ = {isa = PBXFileReference; fileEncoding = 4; lastKnownFileType = sourcecode.swift; path = BotMgr.swift; sourceTree = "<group>"; };
		ACE0EDA11E241CB100581D4F /* Utils.swift */ = {isa = PBXFileReference; fileEncoding = 4; lastKnownFileType = sourcecode.swift; path = Utils.swift; sourceTree = "<group>"; };
		ACE0EDA31E24400C00581D4F /* ChatInput.swift */ = {isa = PBXFileReference; fileEncoding = 4; lastKnownFileType = sourcecode.swift; path = ChatInput.swift; sourceTree = "<group>"; };
		ACE0EDA51E2485FA00581D4F /* ChatTextField.swift */ = {isa = PBXFileReference; fileEncoding = 4; lastKnownFileType = sourcecode.swift; path = ChatTextField.swift; sourceTree = "<group>"; };
		ACFB9A491E2D975900A164A1 /* LoginVC.swift */ = {isa = PBXFileReference; fileEncoding = 4; lastKnownFileType = sourcecode.swift; path = LoginVC.swift; sourceTree = "<group>"; };
		ACFB9A4B1E2D976000A164A1 /* LoginView.swift */ = {isa = PBXFileReference; fileEncoding = 4; lastKnownFileType = sourcecode.swift; path = LoginView.swift; sourceTree = "<group>"; };
		ACFB9A591E2DC1C900A164A1 /* NavController.swift */ = {isa = PBXFileReference; fileEncoding = 4; lastKnownFileType = sourcecode.swift; path = NavController.swift; sourceTree = "<group>"; };
		ACFB9A5B1E2DC30800A164A1 /* BotViewController.swift */ = {isa = PBXFileReference; fileEncoding = 4; lastKnownFileType = sourcecode.swift; path = BotViewController.swift; sourceTree = "<group>"; };
		ACFB9A5D1E2DD38D00A164A1 /* RedTextField.swift */ = {isa = PBXFileReference; fileEncoding = 4; lastKnownFileType = sourcecode.swift; path = RedTextField.swift; sourceTree = "<group>"; };
		B50B966E5C875AC22C8929AB /* Pods_LucasBot.framework */ = {isa = PBXFileReference; explicitFileType = wrapper.framework; includeInIndex = 0; path = Pods_LucasBot.framework; sourceTree = BUILT_PRODUCTS_DIR; };
/* End PBXFileReference section */

/* Begin PBXFrameworksBuildPhase section */
		AC1267EC1E22EE2D00F3344B /* Frameworks */ = {
			isa = PBXFrameworksBuildPhase;
			buildActionMask = 2147483647;
			files = (
				02F656EB95729CA828EED01D /* Pods_LucasBot.framework in Frameworks */,
			);
			runOnlyForDeploymentPostprocessing = 0;
		};
/* End PBXFrameworksBuildPhase section */

/* Begin PBXGroup section */
		2C0136D81D14C6265A5B768F /* Frameworks */ = {
			isa = PBXGroup;
			children = (
				AC78D1AE1E4BEC690076D211 /* AVKit.framework */,
				AC78D1AC1E4BEC3E0076D211 /* AVFoundation.framework */,
				AC78D1AA1E4BEA420076D211 /* MediaPlayer.framework */,
				B50B966E5C875AC22C8929AB /* Pods_LucasBot.framework */,
			);
			name = Frameworks;
			sourceTree = "<group>";
		};
		3DFE0F4A27A72DF006EC3C41 /* Pods */ = {
			isa = PBXGroup;
			children = (
				26C5C08354695B600C484205 /* Pods-LucasBot.debug.xcconfig */,
				8ECE106FD0019094AB64ABF3 /* Pods-LucasBot.release.xcconfig */,
			);
			name = Pods;
			sourceTree = "<group>";
		};
		AC1267E61E22EE2D00F3344B = {
			isa = PBXGroup;
			children = (
				AC1267F11E22EE2D00F3344B /* LucasBot */,
				AC1267F01E22EE2D00F3344B /* Products */,
				3DFE0F4A27A72DF006EC3C41 /* Pods */,
				2C0136D81D14C6265A5B768F /* Frameworks */,
			);
			sourceTree = "<group>";
		};
		AC1267F01E22EE2D00F3344B /* Products */ = {
			isa = PBXGroup;
			children = (
				AC1267EF1E22EE2D00F3344B /* TriviaBot.app */,
			);
			name = Products;
			sourceTree = "<group>";
		};
		AC1267F11E22EE2D00F3344B /* LucasBot */ = {
			isa = PBXGroup;
			children = (
				ACFB9A4D1E2DB1AD00A164A1 /* Assets */,
				ACFB9A581E2DC1B100A164A1 /* Navigation */,
				ACFB9A481E2D973700A164A1 /* Login */,
				AC78D1A31E4BE7040076D211 /* Splash */,
				ACE0EDA01E241CA600581D4F /* Utils */,
				ACE0ED9D1E2400AE00581D4F /* BotMgr */,
				AC12680E1E232F9000F3344B /* DataMgr */,
				AC1268091E22FEB300F3344B /* NetworkMgr */,
				AC1267F21E22EE2D00F3344B /* AppDelegate.swift */,
				AC12680C1E2326B000F3344B /* ChatView.swift */,
				AC1268111E23338F00F3344B /* ChatCell.swift */,
				AC1267F41E22EE2D00F3344B /* ViewController.swift */,
				AC1267FC1E22EE2E00F3344B /* Assets.xcassets */,
				AC1267FE1E22EE2E00F3344B /* LaunchScreen.storyboard */,
				AC1268011E22EE2E00F3344B /* Info.plist */,
				AC1267F91E22EE2E00F3344B /* LucasBot.xcdatamodeld */,
			);
			path = LucasBot;
			sourceTree = "<group>";
		};
		AC1268091E22FEB300F3344B /* NetworkMgr */ = {
			isa = PBXGroup;
			children = (
				AC12680A1E22FED200F3344B /* NetworkMgr.swift */,
			);
			name = NetworkMgr;
			sourceTree = "<group>";
		};
		AC12680E1E232F9000F3344B /* DataMgr */ = {
			isa = PBXGroup;
			children = (
				AC12680F1E232FA400F3344B /* DataMgr.swift */,
			);
			name = DataMgr;
			sourceTree = "<group>";
		};
		AC78D1A31E4BE7040076D211 /* Splash */ = {
			isa = PBXGroup;
			children = (
				AC78D1A41E4BE7230076D211 /* SplashVC.swift */,
				AC78D1A61E4BE72F0076D211 /* SplashView.swift */,
			);
			name = Splash;
			sourceTree = "<group>";
		};
		ACE0ED9D1E2400AE00581D4F /* BotMgr */ = {
			isa = PBXGroup;
			children = (
				ACE0ED9E1E2400B700581D4F /* BotMgr.swift */,
			);
			name = BotMgr;
			sourceTree = "<group>";
		};
		ACE0EDA01E241CA600581D4F /* Utils */ = {
			isa = PBXGroup;
			children = (
				ACE0EDA11E241CB100581D4F /* Utils.swift */,
				ACE0EDA31E24400C00581D4F /* ChatInput.swift */,
				AC5C221D1E4257580009A8E2 /* LoginInput.swift */,
				ACE0EDA51E2485FA00581D4F /* ChatTextField.swift */,
				ACFB9A5D1E2DD38D00A164A1 /* RedTextField.swift */,
				AC5C221F1E425AEB0009A8E2 /* LoginTextField.swift */,
				AC646A471E400CC700024F40 /* ChatTextView.swift */,
				AC036AF31E4421D500D19A2B /* TypingView.swift */,
				AC646A491E40182C00024F40 /* Avatar.swift */,
				AC48C7E31E490ACE00735FD4 /* Loading.swift */,
				AC48C7E51E49315E00735FD4 /* Alert.swift */,
			);
			name = Utils;
			sourceTree = "<group>";
		};
		ACFB9A481E2D973700A164A1 /* Login */ = {
			isa = PBXGroup;
			children = (
				ACFB9A491E2D975900A164A1 /* LoginVC.swift */,
				ACFB9A4B1E2D976000A164A1 /* LoginView.swift */,
			);
			name = Login;
			sourceTree = "<group>";
		};
		ACFB9A4D1E2DB1AD00A164A1 /* Assets */ = {
			isa = PBXGroup;
			children = (
				AC036AEF1E43955C00D19A2B /* wave-chat.gif */,
				AC036AF11E43983C00D19A2B /* SanFranciscoDisplay-Medium.otf */,
				AC036AEB1E43874100D19A2B /* SanFranciscoDisplay-Regular.otf */,
			);
			name = Assets;
			sourceTree = "<group>";
		};
		ACFB9A581E2DC1B100A164A1 /* Navigation */ = {
			isa = PBXGroup;
			children = (
				ACFB9A591E2DC1C900A164A1 /* NavController.swift */,
				ACFB9A5B1E2DC30800A164A1 /* BotViewController.swift */,
			);
			name = Navigation;
			sourceTree = "<group>";
		};
/* End PBXGroup section */

/* Begin PBXNativeTarget section */
		AC1267EE1E22EE2D00F3344B /* LucasBot */ = {
			isa = PBXNativeTarget;
			buildConfigurationList = AC1268041E22EE2E00F3344B /* Build configuration list for PBXNativeTarget "LucasBot" */;
			buildPhases = (
				45DF800299CD62A542091387 /* [CP] Check Pods Manifest.lock */,
				AC1267EB1E22EE2D00F3344B /* Sources */,
				AC1267EC1E22EE2D00F3344B /* Frameworks */,
				AC1267ED1E22EE2D00F3344B /* Resources */,
				0E050CE43C8C2F7E9E3874C8 /* [CP] Embed Pods Frameworks */,
				76FA44E01F3C9647A938F87F /* [CP] Copy Pods Resources */,
			);
			buildRules = (
			);
			dependencies = (
			);
			name = LucasBot;
			productName = LucasBot;
			productReference = AC1267EF1E22EE2D00F3344B /* TriviaBot.app */;
			productType = "com.apple.product-type.application";
		};
/* End PBXNativeTarget section */

/* Begin PBXProject section */
		AC1267E71E22EE2D00F3344B /* Project object */ = {
			isa = PBXProject;
			attributes = {
				LastSwiftUpdateCheck = 0810;
				LastUpgradeCheck = 0810;
				ORGANIZATIONNAME = LB;
				TargetAttributes = {
					AC1267EE1E22EE2D00F3344B = {
						CreatedOnToolsVersion = 8.1;
						DevelopmentTeam = 788WMGHEL8;
						ProvisioningStyle = Manual;
					};
				};
			};
			buildConfigurationList = AC1267EA1E22EE2D00F3344B /* Build configuration list for PBXProject "LucasBot" */;
			compatibilityVersion = "Xcode 3.2";
			developmentRegion = English;
			hasScannedForEncodings = 0;
			knownRegions = (
				en,
				Base,
			);
			mainGroup = AC1267E61E22EE2D00F3344B;
			productRefGroup = AC1267F01E22EE2D00F3344B /* Products */;
			projectDirPath = "";
			projectRoot = "";
			targets = (
				AC1267EE1E22EE2D00F3344B /* LucasBot */,
			);
		};
/* End PBXProject section */

/* Begin PBXResourcesBuildPhase section */
		AC1267ED1E22EE2D00F3344B /* Resources */ = {
			isa = PBXResourcesBuildPhase;
			buildActionMask = 2147483647;
			files = (
				AC036AF01E43955C00D19A2B /* wave-chat.gif in Resources */,
				AC036AF21E43983C00D19A2B /* SanFranciscoDisplay-Medium.otf in Resources */,
				AC036AEE1E43874100D19A2B /* SanFranciscoDisplay-Regular.otf in Resources */,
				AC1268001E22EE2E00F3344B /* LaunchScreen.storyboard in Resources */,
				AC1267FD1E22EE2E00F3344B /* Assets.xcassets in Resources */,
			);
			runOnlyForDeploymentPostprocessing = 0;
		};
/* End PBXResourcesBuildPhase section */

/* Begin PBXShellScriptBuildPhase section */
		0E050CE43C8C2F7E9E3874C8 /* [CP] Embed Pods Frameworks */ = {
			isa = PBXShellScriptBuildPhase;
			buildActionMask = 2147483647;
			files = (
			);
			inputPaths = (
			);
			name = "[CP] Embed Pods Frameworks";
			outputPaths = (
			);
			runOnlyForDeploymentPostprocessing = 0;
			shellPath = /bin/sh;
			shellScript = "\"${SRCROOT}/Pods/Target Support Files/Pods-LucasBot/Pods-LucasBot-frameworks.sh\"\n";
			showEnvVarsInLog = 0;
		};
		45DF800299CD62A542091387 /* [CP] Check Pods Manifest.lock */ = {
			isa = PBXShellScriptBuildPhase;
			buildActionMask = 2147483647;
			files = (
			);
			inputPaths = (
			);
			name = "[CP] Check Pods Manifest.lock";
			outputPaths = (
			);
			runOnlyForDeploymentPostprocessing = 0;
			shellPath = /bin/sh;
			shellScript = "diff \"${PODS_ROOT}/../Podfile.lock\" \"${PODS_ROOT}/Manifest.lock\" > /dev/null\nif [ $? != 0 ] ; then\n    # print error to STDERR\n    echo \"error: The sandbox is not in sync with the Podfile.lock. Run 'pod install' or update your CocoaPods installation.\" >&2\n    exit 1\nfi\n";
			showEnvVarsInLog = 0;
		};
		76FA44E01F3C9647A938F87F /* [CP] Copy Pods Resources */ = {
			isa = PBXShellScriptBuildPhase;
			buildActionMask = 2147483647;
			files = (
			);
			inputPaths = (
			);
			name = "[CP] Copy Pods Resources";
			outputPaths = (
			);
			runOnlyForDeploymentPostprocessing = 0;
			shellPath = /bin/sh;
			shellScript = "\"${SRCROOT}/Pods/Target Support Files/Pods-LucasBot/Pods-LucasBot-resources.sh\"\n";
			showEnvVarsInLog = 0;
		};
/* End PBXShellScriptBuildPhase section */

/* Begin PBXSourcesBuildPhase section */
		AC1267EB1E22EE2D00F3344B /* Sources */ = {
			isa = PBXSourcesBuildPhase;
			buildActionMask = 2147483647;
			files = (
				AC1267FB1E22EE2E00F3344B /* LucasBot.xcdatamodeld in Sources */,
				ACFB9A5E1E2DD38D00A164A1 /* RedTextField.swift in Sources */,
				AC78D1A71E4BE72F0076D211 /* SplashView.swift in Sources */,
				ACFB9A5A1E2DC1C900A164A1 /* NavController.swift in Sources */,
				AC48C7E61E49315E00735FD4 /* Alert.swift in Sources */,
				ACE0EDA61E2485FA00581D4F /* ChatTextField.swift in Sources */,
				AC78D1A51E4BE7230076D211 /* SplashVC.swift in Sources */,
				ACFB9A4A1E2D975900A164A1 /* LoginVC.swift in Sources */,
				AC646A481E400CC700024F40 /* ChatTextView.swift in Sources */,
				AC1267F51E22EE2D00F3344B /* ViewController.swift in Sources */,
				ACFB9A5C1E2DC30800A164A1 /* BotViewController.swift in Sources */,
				ACE0EDA21E241CB100581D4F /* Utils.swift in Sources */,
				AC5C22201E425AEB0009A8E2 /* LoginTextField.swift in Sources */,
				AC5C221E1E4257580009A8E2 /* LoginInput.swift in Sources */,
				ACE0ED9F1E2400B700581D4F /* BotMgr.swift in Sources */,
				AC12680D1E2326B000F3344B /* ChatView.swift in Sources */,
				AC1267F31E22EE2D00F3344B /* AppDelegate.swift in Sources */,
				AC48C7E41E490ACE00735FD4 /* Loading.swift in Sources */,
				AC646A4A1E40182C00024F40 /* Avatar.swift in Sources */,
				AC1268121E23338F00F3344B /* ChatCell.swift in Sources */,
				AC1268101E232FA400F3344B /* DataMgr.swift in Sources */,
				AC036AF41E4421D500D19A2B /* TypingView.swift in Sources */,
				ACFB9A4C1E2D976000A164A1 /* LoginView.swift in Sources */,
				ACE0EDA41E24400C00581D4F /* ChatInput.swift in Sources */,
				AC12680B1E22FED200F3344B /* NetworkMgr.swift in Sources */,
			);
			runOnlyForDeploymentPostprocessing = 0;
		};
/* End PBXSourcesBuildPhase section */

/* Begin PBXVariantGroup section */
		AC1267FE1E22EE2E00F3344B /* LaunchScreen.storyboard */ = {
			isa = PBXVariantGroup;
			children = (
				AC1267FF1E22EE2E00F3344B /* Base */,
			);
			name = LaunchScreen.storyboard;
			sourceTree = "<group>";
		};
/* End PBXVariantGroup section */

/* Begin XCBuildConfiguration section */
		AC1268021E22EE2E00F3344B /* Debug */ = {
			isa = XCBuildConfiguration;
			buildSettings = {
				ALWAYS_SEARCH_USER_PATHS = NO;
				CLANG_ANALYZER_NONNULL = YES;
				CLANG_CXX_LANGUAGE_STANDARD = "gnu++0x";
				CLANG_CXX_LIBRARY = "libc++";
				CLANG_ENABLE_MODULES = YES;
				CLANG_ENABLE_OBJC_ARC = YES;
				CLANG_WARN_BOOL_CONVERSION = YES;
				CLANG_WARN_CONSTANT_CONVERSION = YES;
				CLANG_WARN_DIRECT_OBJC_ISA_USAGE = YES_ERROR;
				CLANG_WARN_DOCUMENTATION_COMMENTS = YES;
				CLANG_WARN_EMPTY_BODY = YES;
				CLANG_WARN_ENUM_CONVERSION = YES;
				CLANG_WARN_INFINITE_RECURSION = YES;
				CLANG_WARN_INT_CONVERSION = YES;
				CLANG_WARN_OBJC_ROOT_CLASS = YES_ERROR;
				CLANG_WARN_SUSPICIOUS_MOVES = YES;
				CLANG_WARN_UNREACHABLE_CODE = YES;
				CLANG_WARN__DUPLICATE_METHOD_MATCH = YES;
				"CODE_SIGN_IDENTITY[sdk=iphoneos*]" = "iPhone Developer";
				COPY_PHASE_STRIP = NO;
				DEBUG_INFORMATION_FORMAT = dwarf;
				ENABLE_STRICT_OBJC_MSGSEND = YES;
				ENABLE_TESTABILITY = YES;
				GCC_C_LANGUAGE_STANDARD = gnu99;
				GCC_DYNAMIC_NO_PIC = NO;
				GCC_NO_COMMON_BLOCKS = YES;
				GCC_OPTIMIZATION_LEVEL = 0;
				GCC_PREPROCESSOR_DEFINITIONS = (
					"DEBUG=1",
					"$(inherited)",
				);
				GCC_WARN_64_TO_32_BIT_CONVERSION = YES;
				GCC_WARN_ABOUT_RETURN_TYPE = YES_ERROR;
				GCC_WARN_UNDECLARED_SELECTOR = YES;
				GCC_WARN_UNINITIALIZED_AUTOS = YES_AGGRESSIVE;
				GCC_WARN_UNUSED_FUNCTION = YES;
				GCC_WARN_UNUSED_VARIABLE = YES;
				IPHONEOS_DEPLOYMENT_TARGET = 10.1;
				MTL_ENABLE_DEBUG_INFO = YES;
				ONLY_ACTIVE_ARCH = YES;
				SDKROOT = iphoneos;
				SWIFT_ACTIVE_COMPILATION_CONDITIONS = DEBUG;
				SWIFT_OPTIMIZATION_LEVEL = "-Onone";
			};
			name = Debug;
		};
		AC1268031E22EE2E00F3344B /* Release */ = {
			isa = XCBuildConfiguration;
			buildSettings = {
				ALWAYS_SEARCH_USER_PATHS = NO;
				CLANG_ANALYZER_NONNULL = YES;
				CLANG_CXX_LANGUAGE_STANDARD = "gnu++0x";
				CLANG_CXX_LIBRARY = "libc++";
				CLANG_ENABLE_MODULES = YES;
				CLANG_ENABLE_OBJC_ARC = YES;
				CLANG_WARN_BOOL_CONVERSION = YES;
				CLANG_WARN_CONSTANT_CONVERSION = YES;
				CLANG_WARN_DIRECT_OBJC_ISA_USAGE = YES_ERROR;
				CLANG_WARN_DOCUMENTATION_COMMENTS = YES;
				CLANG_WARN_EMPTY_BODY = YES;
				CLANG_WARN_ENUM_CONVERSION = YES;
				CLANG_WARN_INFINITE_RECURSION = YES;
				CLANG_WARN_INT_CONVERSION = YES;
				CLANG_WARN_OBJC_ROOT_CLASS = YES_ERROR;
				CLANG_WARN_SUSPICIOUS_MOVES = YES;
				CLANG_WARN_UNREACHABLE_CODE = YES;
				CLANG_WARN__DUPLICATE_METHOD_MATCH = YES;
				"CODE_SIGN_IDENTITY[sdk=iphoneos*]" = "iPhone Developer";
				COPY_PHASE_STRIP = NO;
				DEBUG_INFORMATION_FORMAT = "dwarf-with-dsym";
				ENABLE_NS_ASSERTIONS = NO;
				ENABLE_STRICT_OBJC_MSGSEND = YES;
				GCC_C_LANGUAGE_STANDARD = gnu99;
				GCC_NO_COMMON_BLOCKS = YES;
				GCC_WARN_64_TO_32_BIT_CONVERSION = YES;
				GCC_WARN_ABOUT_RETURN_TYPE = YES_ERROR;
				GCC_WARN_UNDECLARED_SELECTOR = YES;
				GCC_WARN_UNINITIALIZED_AUTOS = YES_AGGRESSIVE;
				GCC_WARN_UNUSED_FUNCTION = YES;
				GCC_WARN_UNUSED_VARIABLE = YES;
				IPHONEOS_DEPLOYMENT_TARGET = 10.1;
				MTL_ENABLE_DEBUG_INFO = NO;
				SDKROOT = iphoneos;
				SWIFT_OPTIMIZATION_LEVEL = "-Owholemodule";
				VALIDATE_PRODUCT = YES;
			};
			name = Release;
		};
		AC1268051E22EE2E00F3344B /* Debug */ = {
			isa = XCBuildConfiguration;
			baseConfigurationReference = 26C5C08354695B600C484205 /* Pods-LucasBot.debug.xcconfig */;
			buildSettings = {
				ASSETCATALOG_COMPILER_APPICON_NAME = AppIcon;
				ASSETCATALOG_COMPILER_LAUNCHIMAGE_NAME = LaunchImage;
				CODE_SIGN_IDENTITY = "iPhone Developer: Mirko JUSTINIANO (NXX599X75T)";
				"CODE_SIGN_IDENTITY[sdk=iphoneos*]" = "iPhone Developer: Mirko JUSTINIANO (NXX599X75T)";
				DEVELOPMENT_TEAM = 788WMGHEL8;
				INFOPLIST_FILE = LucasBot/Info.plist;
				LD_RUNPATH_SEARCH_PATHS = "$(inherited) @executable_path/Frameworks";
				PRODUCT_BUNDLE_IDENTIFIER = com.idevcode.lucasbot;
				PRODUCT_NAME = TriviaBot;
				PROVISIONING_PROFILE = "7388e728-d936-44fd-8ce8-ca3789a22e93";
				PROVISIONING_PROFILE_SPECIFIER = MirkoDevs;
				SWIFT_VERSION = 3.0;
			};
			name = Debug;
		};
		AC1268061E22EE2E00F3344B /* Release */ = {
			isa = XCBuildConfiguration;
			baseConfigurationReference = 8ECE106FD0019094AB64ABF3 /* Pods-LucasBot.release.xcconfig */;
			buildSettings = {
				ASSETCATALOG_COMPILER_APPICON_NAME = AppIcon;
				ASSETCATALOG_COMPILER_LAUNCHIMAGE_NAME = LaunchImage;
				"CODE_SIGN_IDENTITY[sdk=iphoneos*]" = "iPhone Distribution: Mirko JUSTINIANO (788WMGHEL8)";
				DEVELOPMENT_TEAM = 788WMGHEL8;
				INFOPLIST_FILE = LucasBot/Info.plist;
				LD_RUNPATH_SEARCH_PATHS = "$(inherited) @executable_path/Frameworks";
				PRODUCT_BUNDLE_IDENTIFIER = com.idevcode.lucasbot;
				PRODUCT_NAME = TriviaBot;
				PROVISIONING_PROFILE = "a5ff8861-81b7-44c6-b7ee-762f9e298cc9";
				PROVISIONING_PROFILE_SPECIFIER = DistLucas;
				SWIFT_VERSION = 3.0;
			};
			name = Release;
		};
/* End XCBuildConfiguration section */

/* Begin XCConfigurationList section */
		AC1267EA1E22EE2D00F3344B /* Build configuration list for PBXProject "LucasBot" */ = {
			isa = XCConfigurationList;
			buildConfigurations = (
				AC1268021E22EE2E00F3344B /* Debug */,
				AC1268031E22EE2E00F3344B /* Release */,
			);
			defaultConfigurationIsVisible = 0;
			defaultConfigurationName = Release;
		};
		AC1268041E22EE2E00F3344B /* Build configuration list for PBXNativeTarget "LucasBot" */ = {
			isa = XCConfigurationList;
			buildConfigurations = (
				AC1268051E22EE2E00F3344B /* Debug */,
				AC1268061E22EE2E00F3344B /* Release */,
			);
			defaultConfigurationIsVisible = 0;
			defaultConfigurationName = Release;
		};
/* End XCConfigurationList section */

/* Begin XCVersionGroup section */
		AC1267F91E22EE2E00F3344B /* LucasBot.xcdatamodeld */ = {
			isa = XCVersionGroup;
			children = (
				AC1267FA1E22EE2E00F3344B /* LucasBot.xcdatamodel */,
			);
			currentVersion = AC1267FA1E22EE2E00F3344B /* LucasBot.xcdatamodel */;
			path = LucasBot.xcdatamodeld;
			sourceTree = "<group>";
			versionGroupType = wrapper.xcdatamodel;
		};
/* End XCVersionGroup section */
	};
	rootObject = AC1267E71E22EE2D00F3344B /* Project object */;
}
